
Microsoft Visual Studio Solution File, Format Version 12.00
# Visual Studio Version 17
VisualStudioVersion = 17.14.36915.13 d17.14
MinimumVisualStudioVersion = 10.0.40219.1
Project("{FAE04EC0-301F-11D3-BF4B-00C04F79EFBC}") = "LinkDev.Booking.Web", "LinkDev.Booking.Web\LinkDev.Booking.Web.csproj", "{A5001906-DCBF-4287-9C1E-A5CCD7074EFD}"
EndProject
Project("{FAE04EC0-301F-11D3-BF4B-00C04F79EFBC}") = "LinkDev.Booking.Domain", "LinkDev.Booking.Domain\LinkDev.Booking.Domain.csproj", "{B61BB5A2-D504-498D-B145-B3410151BB74}"
EndProject
Project("{FAE04EC0-301F-11D3-BF4B-00C04F79EFBC}") = "LinkDev.Booking.Infrastructure", "LinkDev.Booking.Infrastructure\LinkDev.Booking.Infrastructure.csproj", "{26A34096-F456-4418-B97B-0ECFFBA4F397}"
EndProject
Project("{FAE04EC0-301F-11D3-BF4B-00C04F79EFBC}") = "LinkDev.Booking.Application", "LinkDev.Booking.Application\LinkDev.Booking.Application.csproj", "{814D61C8-D18A-4181-839F-B7AE3FB562A5}"
EndProject
Global
	GlobalSection(SolutionConfigurationPlatforms) = preSolution
		Debug|Any CPU = Debug|Any CPU
		Release|Any CPU = Release|Any CPU
	EndGlobalSection
	GlobalSection(ProjectConfigurationPlatforms) = postSolution
		{A5001906-DCBF-4287-9C1E-A5CCD7074EFD}.Debug|Any CPU.ActiveCfg = Debug|Any CPU
		{A5001906-DCBF-4287-9C1E-A5CCD7074EFD}.Debug|Any CPU.Build.0 = Debug|Any CPU
		{A5001906-DCBF-4287-9C1E-A5CCD7074EFD}.Release|Any CPU.ActiveCfg = Release|Any CPU
		{A5001906-DCBF-4287-9C1E-A5CCD7074EFD}.Release|Any CPU.Build.0 = Release|Any CPU
		{B61BB5A2-D504-498D-B145-B3410151BB74}.Debug|Any CPU.ActiveCfg = Debug|Any CPU
		{B61BB5A2-D504-498D-B145-B3410151BB74}.Debug|Any CPU.Build.0 = Debug|Any CPU
		{B61BB5A2-D504-498D-B145-B3410151BB74}.Release|Any CPU.ActiveCfg = Release|Any CPU
		{B61BB5A2-D504-498D-B145-B3410151BB74}.Release|Any CPU.Build.0 = Release|Any CPU
		{26A34096-F456-4418-B97B-0ECFFBA4F397}.Debug|Any CPU.ActiveCfg = Debug|Any CPU
		{26A34096-F456-4418-B97B-0ECFFBA4F397}.Debug|Any CPU.Build.0 = Debug|Any CPU
		{26A34096-F456-4418-B97B-0ECFFBA4F397}.Release|Any CPU.ActiveCfg = Release|Any CPU
		{26A34096-F456-4418-B97B-0ECFFBA4F397}.Release|Any CPU.Build.0 = Release|Any CPU
		{814D61C8-D18A-4181-839F-B7AE3FB562A5}.Debug|Any CPU.ActiveCfg = Debug|Any CPU
		{814D61C8-D18A-4181-839F-B7AE3FB562A5}.Debug|Any CPU.Build.0 = Debug|Any CPU
		{814D61C8-D18A-4181-839F-B7AE3FB562A5}.Release|Any CPU.ActiveCfg = Release|Any CPU
		{814D61C8-D18A-4181-839F-B7AE3FB562A5}.Release|Any CPU.Build.0 = Release|Any CPU
	EndGlobalSection
	GlobalSection(SolutionProperties) = preSolution
		HideSolutionNode = FALSE
	EndGlobalSection
	GlobalSection(ExtensibilityGlobals) = postSolution
		SolutionGuid = {B62A5A86-CC8B-45C4-92DE-1B01595317AF}
	EndGlobalSection
EndGlobal
